// !$*UTF8*$!
{
	archiveVersion = 1;
	classes = {
	};
	objectVersion = 56;
	objects = {

/* Begin PBXBuildFile section */
		50812B802A032938007160F5 /* TapHapApp.swift in Sources */ = {isa = PBXBuildFile; fileRef = 50812B7F2A032938007160F5 /* TapHapApp.swift */; };
		50812B822A032938007160F5 /* ContentView.swift in Sources */ = {isa = PBXBuildFile; fileRef = 50812B812A032938007160F5 /* ContentView.swift */; };
		50812B842A032939007160F5 /* Assets.xcassets in Resources */ = {isa = PBXBuildFile; fileRef = 50812B832A032939007160F5 /* Assets.xcassets */; };
		50812B872A032939007160F5 /* Preview Assets.xcassets in Resources */ = {isa = PBXBuildFile; fileRef = 50812B862A032939007160F5 /* Preview Assets.xcassets */; };
		50812B8F2A032DEA007160F5 /* Event.swift in Sources */ = {isa = PBXBuildFile; fileRef = 50812B8E2A032DEA007160F5 /* Event.swift */; };
		50812B912A032E9C007160F5 /* Location.swift in Sources */ = {isa = PBXBuildFile; fileRef = 50812B902A032E9C007160F5 /* Location.swift */; };
		50812B932A032FDF007160F5 /* ApplicationModel.swift in Sources */ = {isa = PBXBuildFile; fileRef = 50812B922A032FDF007160F5 /* ApplicationModel.swift */; };
		50812B962A0334D9007160F5 /* MapSearch.swift in Sources */ = {isa = PBXBuildFile; fileRef = 50812B952A0334D9007160F5 /* MapSearch.swift */; };
		509DE51C2A09D02F00E667B8 /* CreateEventView.swift in Sources */ = {isa = PBXBuildFile; fileRef = 509DE51B2A09D02F00E667B8 /* CreateEventView.swift */; };
		509DE51F2A09D15200E667B8 /* MyEventsView.swift in Sources */ = {isa = PBXBuildFile; fileRef = 509DE51E2A09D15200E667B8 /* MyEventsView.swift */; };
		509DE5212A09D1EF00E667B8 /* ParticipationEventView.swift in Sources */ = {isa = PBXBuildFile; fileRef = 509DE5202A09D1EF00E667B8 /* ParticipationEventView.swift */; };
		509DE5232A09D33500E667B8 /* MapView.swift in Sources */ = {isa = PBXBuildFile; fileRef = 509DE5222A09D33500E667B8 /* MapView.swift */; };
		509DE5252A09E02800E667B8 /* EventDetailView.swift in Sources */ = {isa = PBXBuildFile; fileRef = 509DE5242A09E02800E667B8 /* EventDetailView.swift */; };
		509DE5272A09EDF400E667B8 /* AddressSearchView.swift in Sources */ = {isa = PBXBuildFile; fileRef = 509DE5262A09EDF400E667B8 /* AddressSearchView.swift */; };
/* End PBXBuildFile section */

/* Begin PBXFileReference section */
		50812B7C2A032938007160F5 /* TapHap.app */ = {isa = PBXFileReference; explicitFileType = wrapper.application; includeInIndex = 0; path = TapHap.app; sourceTree = BUILT_PRODUCTS_DIR; };
		50812B7F2A032938007160F5 /* TapHapApp.swift */ = {isa = PBXFileReference; lastKnownFileType = sourcecode.swift; path = TapHapApp.swift; sourceTree = "<group>"; };
		50812B812A032938007160F5 /* ContentView.swift */ = {isa = PBXFileReference; lastKnownFileType = sourcecode.swift; path = ContentView.swift; sourceTree = "<group>"; };
		50812B832A032939007160F5 /* Assets.xcassets */ = {isa = PBXFileReference; lastKnownFileType = folder.assetcatalog; path = Assets.xcassets; sourceTree = "<group>"; };
		50812B862A032939007160F5 /* Preview Assets.xcassets */ = {isa = PBXFileReference; lastKnownFileType = folder.assetcatalog; path = "Preview Assets.xcassets"; sourceTree = "<group>"; };
		50812B8E2A032DEA007160F5 /* Event.swift */ = {isa = PBXFileReference; lastKnownFileType = sourcecode.swift; path = Event.swift; sourceTree = "<group>"; };
		50812B902A032E9C007160F5 /* Location.swift */ = {isa = PBXFileReference; lastKnownFileType = sourcecode.swift; path = Location.swift; sourceTree = "<group>"; };
		50812B922A032FDF007160F5 /* ApplicationModel.swift */ = {isa = PBXFileReference; lastKnownFileType = sourcecode.swift; path = ApplicationModel.swift; sourceTree = "<group>"; };
		50812B952A0334D9007160F5 /* MapSearch.swift */ = {isa = PBXFileReference; lastKnownFileType = sourcecode.swift; path = MapSearch.swift; sourceTree = "<group>"; };
		509DE51B2A09D02F00E667B8 /* CreateEventView.swift */ = {isa = PBXFileReference; lastKnownFileType = sourcecode.swift; path = CreateEventView.swift; sourceTree = "<group>"; };
		509DE51E2A09D15200E667B8 /* MyEventsView.swift */ = {isa = PBXFileReference; lastKnownFileType = sourcecode.swift; path = MyEventsView.swift; sourceTree = "<group>"; };
		509DE5202A09D1EF00E667B8 /* ParticipationEventView.swift */ = {isa = PBXFileReference; lastKnownFileType = sourcecode.swift; path = ParticipationEventView.swift; sourceTree = "<group>"; };
		509DE5222A09D33500E667B8 /* MapView.swift */ = {isa = PBXFileReference; lastKnownFileType = sourcecode.swift; path = MapView.swift; sourceTree = "<group>"; };
		509DE5242A09E02800E667B8 /* EventDetailView.swift */ = {isa = PBXFileReference; lastKnownFileType = sourcecode.swift; path = EventDetailView.swift; sourceTree = "<group>"; };
		509DE5262A09EDF400E667B8 /* AddressSearchView.swift */ = {isa = PBXFileReference; lastKnownFileType = sourcecode.swift; path = AddressSearchView.swift; sourceTree = "<group>"; };
/* End PBXFileReference section */

/* Begin PBXFrameworksBuildPhase section */
		50812B792A032938007160F5 /* Frameworks */ = {
			isa = PBXFrameworksBuildPhase;
			buildActionMask = 2147483647;
			files = (
			);
			runOnlyForDeploymentPostprocessing = 0;
		};
/* End PBXFrameworksBuildPhase section */

/* Begin PBXGroup section */
		50812B732A032938007160F5 = {
			isa = PBXGroup;
			children = (
				50812B7E2A032938007160F5 /* TapHap */,
				50812B7D2A032938007160F5 /* Products */,
			);
			sourceTree = "<group>";
		};
		50812B7D2A032938007160F5 /* Products */ = {
			isa = PBXGroup;
			children = (
				50812B7C2A032938007160F5 /* TapHap.app */,
			);
			name = Products;
			sourceTree = "<group>";
		};
		50812B7E2A032938007160F5 /* TapHap */ = {
			isa = PBXGroup;
			children = (
				509DE51A2A09CFFD00E667B8 /* Views */,
				50812B942A0334C8007160F5 /* Integrations */,
				50812B8D2A032DCC007160F5 /* Structures */,
				50812B7F2A032938007160F5 /* TapHapApp.swift */,
				50812B812A032938007160F5 /* ContentView.swift */,
				50812B922A032FDF007160F5 /* ApplicationModel.swift */,
				50812B832A032939007160F5 /* Assets.xcassets */,
				50812B852A032939007160F5 /* Preview Content */,
			);
			path = TapHap;
			sourceTree = "<group>";
		};
		50812B852A032939007160F5 /* Preview Content */ = {
			isa = PBXGroup;
			children = (
				50812B862A032939007160F5 /* Preview Assets.xcassets */,
			);
			path = "Preview Content";
			sourceTree = "<group>";
		};
		50812B8D2A032DCC007160F5 /* Structures */ = {
			isa = PBXGroup;
			children = (
				50812B8E2A032DEA007160F5 /* Event.swift */,
				50812B902A032E9C007160F5 /* Location.swift */,
			);
			path = Structures;
			sourceTree = "<group>";
		};
		50812B942A0334C8007160F5 /* Integrations */ = {
			isa = PBXGroup;
			children = (
				50812B952A0334D9007160F5 /* MapSearch.swift */,
			);
			path = Integrations;
			sourceTree = "<group>";
		};
		509DE51A2A09CFFD00E667B8 /* Views */ = {
			isa = PBXGroup;
			children = (
				509DE51B2A09D02F00E667B8 /* CreateEventView.swift */,
				509DE51E2A09D15200E667B8 /* MyEventsView.swift */,
				509DE5202A09D1EF00E667B8 /* ParticipationEventView.swift */,
				509DE5222A09D33500E667B8 /* MapView.swift */,
				509DE5242A09E02800E667B8 /* EventDetailView.swift */,
				509DE5262A09EDF400E667B8 /* AddressSearchView.swift */,
			);
			path = Views;
			sourceTree = "<group>";
		};
/* End PBXGroup section */

/* Begin PBXNativeTarget section */
		50812B7B2A032938007160F5 /* TapHap */ = {
			isa = PBXNativeTarget;
			buildConfigurationList = 50812B8A2A032939007160F5 /* Build configuration list for PBXNativeTarget "TapHap" */;
			buildPhases = (
				50812B782A032938007160F5 /* Sources */,
				50812B792A032938007160F5 /* Frameworks */,
				50812B7A2A032938007160F5 /* Resources */,
			);
			buildRules = (
			);
			dependencies = (
			);
			name = TapHap;
			productName = TapHap;
			productReference = 50812B7C2A032938007160F5 /* TapHap.app */;
			productType = "com.apple.product-type.application";
		};
/* End PBXNativeTarget section */

/* Begin PBXProject section */
		50812B742A032938007160F5 /* Project object */ = {
			isa = PBXProject;
			attributes = {
				BuildIndependentTargetsInParallel = 1;
				LastSwiftUpdateCheck = 1420;
				LastUpgradeCheck = 1420;
				TargetAttributes = {
					50812B7B2A032938007160F5 = {
						CreatedOnToolsVersion = 14.2;
					};
				};
			};
			buildConfigurationList = 50812B772A032938007160F5 /* Build configuration list for PBXProject "TapHap" */;
			compatibilityVersion = "Xcode 14.0";
			developmentRegion = en;
			hasScannedForEncodings = 0;
			knownRegions = (
				en,
				Base,
			);
			mainGroup = 50812B732A032938007160F5;
			productRefGroup = 50812B7D2A032938007160F5 /* Products */;
			projectDirPath = "";
			projectRoot = "";
			targets = (
				50812B7B2A032938007160F5 /* TapHap */,
			);
		};
/* End PBXProject section */

/* Begin PBXResourcesBuildPhase section */
		50812B7A2A032938007160F5 /* Resources */ = {
			isa = PBXResourcesBuildPhase;
			buildActionMask = 2147483647;
			files = (
				50812B872A032939007160F5 /* Preview Assets.xcassets in Resources */,
				50812B842A032939007160F5 /* Assets.xcassets in Resources */,
			);
			runOnlyForDeploymentPostprocessing = 0;
		};
/* End PBXResourcesBuildPhase section */

/* Begin PBXSourcesBuildPhase section */
		50812B782A032938007160F5 /* Sources */ = {
			isa = PBXSourcesBuildPhase;
			buildActionMask = 2147483647;
			files = (
				50812B962A0334D9007160F5 /* MapSearch.swift in Sources */,
				50812B822A032938007160F5 /* ContentView.swift in Sources */,
				50812B8F2A032DEA007160F5 /* Event.swift in Sources */,
				509DE51F2A09D15200E667B8 /* MyEventsView.swift in Sources */,
				50812B932A032FDF007160F5 /* ApplicationModel.swift in Sources */,
				509DE5272A09EDF400E667B8 /* AddressSearchView.swift in Sources */,
				50812B912A032E9C007160F5 /* Location.swift in Sources */,
				509DE5212A09D1EF00E667B8 /* ParticipationEventView.swift in Sources */,
				509DE5232A09D33500E667B8 /* MapView.swift in Sources */,
				50812B802A032938007160F5 /* TapHapApp.swift in Sources */,
				509DE5252A09E02800E667B8 /* EventDetailView.swift in Sources */,
				509DE51C2A09D02F00E667B8 /* CreateEventView.swift in Sources */,
			);
			runOnlyForDeploymentPostprocessing = 0;
		};
/* End PBXSourcesBuildPhase section */

/* Begin XCBuildConfiguration section */
		50812B882A032939007160F5 /* Debug */ = {
			isa = XCBuildConfiguration;
			buildSettings = {
				ALWAYS_SEARCH_USER_PATHS = NO;
				CLANG_ANALYZER_NONNULL = YES;
				CLANG_ANALYZER_NUMBER_OBJECT_CONVERSION = YES_AGGRESSIVE;
				CLANG_CXX_LANGUAGE_STANDARD = "gnu++20";
				CLANG_ENABLE_MODULES = YES;
				CLANG_ENABLE_OBJC_ARC = YES;
				CLANG_ENABLE_OBJC_WEAK = YES;
				CLANG_WARN_BLOCK_CAPTURE_AUTORELEASING = YES;
				CLANG_WARN_BOOL_CONVERSION = YES;
				CLANG_WARN_COMMA = YES;
				CLANG_WARN_CONSTANT_CONVERSION = YES;
				CLANG_WARN_DEPRECATED_OBJC_IMPLEMENTATIONS = YES;
				CLANG_WARN_DIRECT_OBJC_ISA_USAGE = YES_ERROR;
				CLANG_WARN_DOCUMENTATION_COMMENTS = YES;
				CLANG_WARN_EMPTY_BODY = YES;
				CLANG_WARN_ENUM_CONVERSION = YES;
				CLANG_WARN_INFINITE_RECURSION = YES;
				CLANG_WARN_INT_CONVERSION = YES;
				CLANG_WARN_NON_LITERAL_NULL_CONVERSION = YES;
				CLANG_WARN_OBJC_IMPLICIT_RETAIN_SELF = YES;
				CLANG_WARN_OBJC_LITERAL_CONVERSION = YES;
				CLANG_WARN_OBJC_ROOT_CLASS = YES_ERROR;
				CLANG_WARN_QUOTED_INCLUDE_IN_FRAMEWORK_HEADER = YES;
				CLANG_WARN_RANGE_LOOP_ANALYSIS = YES;
				CLANG_WARN_STRICT_PROTOTYPES = YES;
				CLANG_WARN_SUSPICIOUS_MOVE = YES;
				CLANG_WARN_UNGUARDED_AVAILABILITY = YES_AGGRESSIVE;
				CLANG_WARN_UNREACHABLE_CODE = YES;
				CLANG_WARN__DUPLICATE_METHOD_MATCH = YES;
				COPY_PHASE_STRIP = NO;
				DEBUG_INFORMATION_FORMAT = dwarf;
				ENABLE_STRICT_OBJC_MSGSEND = YES;
				ENABLE_TESTABILITY = YES;
				GCC_C_LANGUAGE_STANDARD = gnu11;
				GCC_DYNAMIC_NO_PIC = NO;
				GCC_NO_COMMON_BLOCKS = YES;
				GCC_OPTIMIZATION_LEVEL = 0;
				GCC_PREPROCESSOR_DEFINITIONS = (
					"DEBUG=1",
					"$(inherited)",
				);
				GCC_WARN_64_TO_32_BIT_CONVERSION = YES;
				GCC_WARN_ABOUT_RETURN_TYPE = YES_ERROR;
				GCC_WARN_UNDECLARED_SELECTOR = YES;
				GCC_WARN_UNINITIALIZED_AUTOS = YES_AGGRESSIVE;
				GCC_WARN_UNUSED_FUNCTION = YES;
				GCC_WARN_UNUSED_VARIABLE = YES;
				IPHONEOS_DEPLOYMENT_TARGET = 16.2;
				MTL_ENABLE_DEBUG_INFO = INCLUDE_SOURCE;
				MTL_FAST_MATH = YES;
				ONLY_ACTIVE_ARCH = YES;
				SDKROOT = iphoneos;
				SWIFT_ACTIVE_COMPILATION_CONDITIONS = DEBUG;
				SWIFT_OPTIMIZATION_LEVEL = "-Onone";
			};
			name = Debug;
		};
		50812B892A032939007160F5 /* Release */ = {
			isa = XCBuildConfiguration;
			buildSettings = {
				ALWAYS_SEARCH_USER_PATHS = NO;
				CLANG_ANALYZER_NONNULL = YES;
				CLANG_ANALYZER_NUMBER_OBJECT_CONVERSION = YES_AGGRESSIVE;
				CLANG_CXX_LANGUAGE_STANDARD = "gnu++20";
				CLANG_ENABLE_MODULES = YES;
				CLANG_ENABLE_OBJC_ARC = YES;
				CLANG_ENABLE_OBJC_WEAK = YES;
				CLANG_WARN_BLOCK_CAPTURE_AUTORELEASING = YES;
				CLANG_WARN_BOOL_CONVERSION = YES;
				CLANG_WARN_COMMA = YES;
				CLANG_WARN_CONSTANT_CONVERSION = YES;
				CLANG_WARN_DEPRECATED_OBJC_IMPLEMENTATIONS = YES;
				CLANG_WARN_DIRECT_OBJC_ISA_USAGE = YES_ERROR;
				CLANG_WARN_DOCUMENTATION_COMMENTS = YES;
				CLANG_WARN_EMPTY_BODY = YES;
				CLANG_WARN_ENUM_CONVERSION = YES;
				CLANG_WARN_INFINITE_RECURSION = YES;
				CLANG_WARN_INT_CONVERSION = YES;
				CLANG_WARN_NON_LITERAL_NULL_CONVERSION = YES;
				CLANG_WARN_OBJC_IMPLICIT_RETAIN_SELF = YES;
				CLANG_WARN_OBJC_LITERAL_CONVERSION = YES;
				CLANG_WARN_OBJC_ROOT_CLASS = YES_ERROR;
				CLANG_WARN_QUOTED_INCLUDE_IN_FRAMEWORK_HEADER = YES;
				CLANG_WARN_RANGE_LOOP_ANALYSIS = YES;
				CLANG_WARN_STRICT_PROTOTYPES = YES;
				CLANG_WARN_SUSPICIOUS_MOVE = YES;
				CLANG_WARN_UNGUARDED_AVAILABILITY = YES_AGGRESSIVE;
				CLANG_WARN_UNREACHABLE_CODE = YES;
				CLANG_WARN__DUPLICATE_METHOD_MATCH = YES;
				COPY_PHASE_STRIP = NO;
				DEBUG_INFORMATION_FORMAT = "dwarf-with-dsym";
				ENABLE_NS_ASSERTIONS = NO;
				ENABLE_STRICT_OBJC_MSGSEND = YES;
				GCC_C_LANGUAGE_STANDARD = gnu11;
				GCC_NO_COMMON_BLOCKS = YES;
				GCC_WARN_64_TO_32_BIT_CONVERSION = YES;
				GCC_WARN_ABOUT_RETURN_TYPE = YES_ERROR;
				GCC_WARN_UNDECLARED_SELECTOR = YES;
				GCC_WARN_UNINITIALIZED_AUTOS = YES_AGGRESSIVE;
				GCC_WARN_UNUSED_FUNCTION = YES;
				GCC_WARN_UNUSED_VARIABLE = YES;
				IPHONEOS_DEPLOYMENT_TARGET = 16.2;
				MTL_ENABLE_DEBUG_INFO = NO;
				MTL_FAST_MATH = YES;
				SDKROOT = iphoneos;
				SWIFT_COMPILATION_MODE = wholemodule;
				SWIFT_OPTIMIZATION_LEVEL = "-O";
				VALIDATE_PRODUCT = YES;
			};
			name = Release;
		};
		50812B8B2A032939007160F5 /* Debug */ = {
			isa = XCBuildConfiguration;
			buildSettings = {
				ASSETCATALOG_COMPILER_APPICON_NAME = AppIcon;
				ASSETCATALOG_COMPILER_GLOBAL_ACCENT_COLOR_NAME = AccentColor;
				CODE_SIGN_STYLE = Automatic;
				CURRENT_PROJECT_VERSION = 1;
				DEVELOPMENT_ASSET_PATHS = "\"TapHap/Preview Content\"";
				DEVELOPMENT_TEAM = A4PKXY542B;
				ENABLE_PREVIEWS = YES;
				GENERATE_INFOPLIST_FILE = YES;
				INFOPLIST_KEY_UIApplicationSceneManifest_Generation = YES;
				INFOPLIST_KEY_UIApplicationSupportsIndirectInputEvents = YES;
				INFOPLIST_KEY_UILaunchScreen_Generation = YES;
				INFOPLIST_KEY_UISupportedInterfaceOrientations_iPad = "UIInterfaceOrientationPortrait UIInterfaceOrientationPortraitUpsideDown UIInterfaceOrientationLandscapeLeft UIInterfaceOrientationLandscapeRight";
				INFOPLIST_KEY_UISupportedInterfaceOrientations_iPhone = "UIInterfaceOrientationPortrait UIInterfaceOrientationLandscapeLeft UIInterfaceOrientationLandscapeRight";
				LD_RUNPATH_SEARCH_PATHS = (
					"$(inherited)",
					"@executable_path/Frameworks",
				);
				MARKETING_VERSION = 1.0;
				PRODUCT_BUNDLE_IDENTIFIER = com.sfsu.TapHap;
				PRODUCT_NAME = "$(TARGET_NAME)";
				SWIFT_EMIT_LOC_STRINGS = YES;
				SWIFT_VERSION = 5.0;
				TARGETED_DEVICE_FAMILY = "1,2";
			};
			name = Debug;
		};
		50812B8C2A032939007160F5 /* Release */ = {
			isa = XCBuildConfiguration;
			buildSettings = {
				ASSETCATALOG_COMPILER_APPICON_NAME = AppIcon;
				ASSETCATALOG_COMPILER_GLOBAL_ACCENT_COLOR_NAME = AccentColor;
				CODE_SIGN_STYLE = Automatic;
				CURRENT_PROJECT_VERSION = 1;
				DEVELOPMENT_ASSET_PATHS = "\"TapHap/Preview Content\"";
				DEVELOPMENT_TEAM = A4PKXY542B;
				ENABLE_PREVIEWS = YES;
				GENERATE_INFOPLIST_FILE = YES;
				INFOPLIST_KEY_UIApplicationSceneManifest_Generation = YES;
				INFOPLIST_KEY_UIApplicationSupportsIndirectInputEvents = YES;
				INFOPLIST_KEY_UILaunchScreen_Generation = YES;
				INFOPLIST_KEY_UISupportedInterfaceOrientations_iPad = "UIInterfaceOrientationPortrait UIInterfaceOrientationPortraitUpsideDown UIInterfaceOrientationLandscapeLeft UIInterfaceOrientationLandscapeRight";
				INFOPLIST_KEY_UISupportedInterfaceOrientations_iPhone = "UIInterfaceOrientationPortrait UIInterfaceOrientationLandscapeLeft UIInterfaceOrientationLandscapeRight";
				LD_RUNPATH_SEARCH_PATHS = (
					"$(inherited)",
					"@executable_path/Frameworks",
				);
				MARKETING_VERSION = 1.0;
				PRODUCT_BUNDLE_IDENTIFIER = com.sfsu.TapHap;
				PRODUCT_NAME = "$(TARGET_NAME)";
				SWIFT_EMIT_LOC_STRINGS = YES;
				SWIFT_VERSION = 5.0;
				TARGETED_DEVICE_FAMILY = "1,2";
			};
			name = Release;
		};
/* End XCBuildConfiguration section */

/* Begin XCConfigurationList section */
		50812B772A032938007160F5 /* Build configuration list for PBXProject "TapHap" */ = {
			isa = XCConfigurationList;
			buildConfigurations = (
				50812B882A032939007160F5 /* Debug */,
				50812B892A032939007160F5 /* Release */,
			);
			defaultConfigurationIsVisible = 0;
			defaultConfigurationName = Release;
		};
		50812B8A2A032939007160F5 /* Build configuration list for PBXNativeTarget "TapHap" */ = {
			isa = XCConfigurationList;
			buildConfigurations = (
				50812B8B2A032939007160F5 /* Debug */,
				50812B8C2A032939007160F5 /* Release */,
			);
			defaultConfigurationIsVisible = 0;
			defaultConfigurationName = Release;
		};
/* End XCConfigurationList section */
	};
	rootObject = 50812B742A032938007160F5 /* Project object */;
}
